// !$*UTF8*$!
{
	archiveVersion = 1;
	classes = {
	};
	objectVersion = 50;
	objects = {

/* Begin PBXBuildFile section */
		C4207F5D25C66317006C91BA /* UserDefaults+firstLaunch.swift in Sources */ = {isa = PBXBuildFile; fileRef = C4207F5C25C66317006C91BA /* UserDefaults+firstLaunch.swift */; };
		C4207F5E25C66317006C91BA /* UserDefaults+firstLaunch.swift in Sources */ = {isa = PBXBuildFile; fileRef = C4207F5C25C66317006C91BA /* UserDefaults+firstLaunch.swift */; };
		C4207F6525C665B6006C91BA /* CodingUserInfoKey+Extensions.swift in Sources */ = {isa = PBXBuildFile; fileRef = C4207F6425C665B6006C91BA /* CodingUserInfoKey+Extensions.swift */; };
		C4207F6625C665B6006C91BA /* CodingUserInfoKey+Extensions.swift in Sources */ = {isa = PBXBuildFile; fileRef = C4207F6425C665B6006C91BA /* CodingUserInfoKey+Extensions.swift */; };
		C4207F7C25C66E38006C91BA /* items.json in Resources */ = {isa = PBXBuildFile; fileRef = C4207F7B25C66E38006C91BA /* items.json */; };
		C4207F7D25C66E38006C91BA /* items.json in Resources */ = {isa = PBXBuildFile; fileRef = C4207F7B25C66E38006C91BA /* items.json */; };
		C4207F8825C6F84E006C91BA /* SearchViewModel.swift in Sources */ = {isa = PBXBuildFile; fileRef = C4207F8725C6F84E006C91BA /* SearchViewModel.swift */; };
		C4207F8925C6F84E006C91BA /* SearchViewModel.swift in Sources */ = {isa = PBXBuildFile; fileRef = C4207F8725C6F84E006C91BA /* SearchViewModel.swift */; };
		C42C13A225C8D1F900042D22 /* AlbionNetworkModel.swift in Sources */ = {isa = PBXBuildFile; fileRef = C42C13A125C8D1F900042D22 /* AlbionNetworkModel.swift */; };
		C436CFE825C6289A00B1A364 /* ContentView.swift in Sources */ = {isa = PBXBuildFile; fileRef = C436CFE725C6289A00B1A364 /* ContentView.swift */; };
		C436CFE925C6289A00B1A364 /* ContentView.swift in Sources */ = {isa = PBXBuildFile; fileRef = C436CFE725C6289A00B1A364 /* ContentView.swift */; };
		C463B4E325ED9EAB0026D1B7 /* SectionViewModel.swift in Sources */ = {isa = PBXBuildFile; fileRef = C463B4E225ED9EAB0026D1B7 /* SectionViewModel.swift */; };
		C463B4E425ED9EAB0026D1B7 /* SectionViewModel.swift in Sources */ = {isa = PBXBuildFile; fileRef = C463B4E225ED9EAB0026D1B7 /* SectionViewModel.swift */; };
		C463B4EF25EDBA820026D1B7 /* MarketItem+CoreDataClass.swift in Sources */ = {isa = PBXBuildFile; fileRef = C463B4ED25EDBA820026D1B7 /* MarketItem+CoreDataClass.swift */; };
		C463B4F125EDBA820026D1B7 /* MarketItem+CoreDataProperties.swift in Sources */ = {isa = PBXBuildFile; fileRef = C463B4EE25EDBA820026D1B7 /* MarketItem+CoreDataProperties.swift */; };
		C4A2759C25CC860D00603D54 /* SearchViewCell.swift in Sources */ = {isa = PBXBuildFile; fileRef = C4A2759B25CC860D00603D54 /* SearchViewCell.swift */; };
		C4A2759D25CC860D00603D54 /* SearchViewCell.swift in Sources */ = {isa = PBXBuildFile; fileRef = C4A2759B25CC860D00603D54 /* SearchViewCell.swift */; };
		C4BC5BA225C8C4AD003CCC8C /* LocalizedOjbect+CoreDataClass.swift in Sources */ = {isa = PBXBuildFile; fileRef = C4BC5B9E25C8C4AD003CCC8C /* LocalizedOjbect+CoreDataClass.swift */; };
		C4BC5BA325C8C4AD003CCC8C /* LocalizedOjbect+CoreDataProperties.swift in Sources */ = {isa = PBXBuildFile; fileRef = C4BC5B9F25C8C4AD003CCC8C /* LocalizedOjbect+CoreDataProperties.swift */; };
		C4C10F4025C612B300890C32 /* Tests_iOS.swift in Sources */ = {isa = PBXBuildFile; fileRef = C4C10F3F25C612B300890C32 /* Tests_iOS.swift */; };
		C4C10F4B25C612B400890C32 /* Tests_macOS.swift in Sources */ = {isa = PBXBuildFile; fileRef = C4C10F4A25C612B400890C32 /* Tests_macOS.swift */; };
		C4C10F4D25C612B400890C32 /* AlbionAssistant.xcdatamodeld in Sources */ = {isa = PBXBuildFile; fileRef = C4C10F2125C612B200890C32 /* AlbionAssistant.xcdatamodeld */; };
		C4C10F4E25C612B400890C32 /* AlbionAssistant.xcdatamodeld in Sources */ = {isa = PBXBuildFile; fileRef = C4C10F2125C612B200890C32 /* AlbionAssistant.xcdatamodeld */; };
		C4C10F4F25C612B400890C32 /* AlbionAssistantApp.swift in Sources */ = {isa = PBXBuildFile; fileRef = C4C10F2325C612B200890C32 /* AlbionAssistantApp.swift */; };
		C4C10F5025C612B400890C32 /* AlbionAssistantApp.swift in Sources */ = {isa = PBXBuildFile; fileRef = C4C10F2325C612B200890C32 /* AlbionAssistantApp.swift */; };
		C4C10F5525C612B400890C32 /* Assets.xcassets in Resources */ = {isa = PBXBuildFile; fileRef = C4C10F2625C612B300890C32 /* Assets.xcassets */; };
		C4C10F5625C612B400890C32 /* Assets.xcassets in Resources */ = {isa = PBXBuildFile; fileRef = C4C10F2625C612B300890C32 /* Assets.xcassets */; };
		C4CF1A5525C6386700506585 /* Items.swift in Sources */ = {isa = PBXBuildFile; fileRef = C4CF1A5425C6386700506585 /* Items.swift */; };
		C4CF1A5625C6386700506585 /* Items.swift in Sources */ = {isa = PBXBuildFile; fileRef = C4CF1A5425C6386700506585 /* Items.swift */; };
		C4CF1A5C25C638D700506585 /* albionItems in Resources */ = {isa = PBXBuildFile; fileRef = C4CF1A5B25C638D700506585 /* albionItems */; };
		C4CF1A5D25C638D700506585 /* albionItems in Resources */ = {isa = PBXBuildFile; fileRef = C4CF1A5B25C638D700506585 /* albionItems */; };
		C4CF1A7925C65E3A00506585 /* PersistantContainer.swift in Sources */ = {isa = PBXBuildFile; fileRef = C4CF1A7825C65E3A00506585 /* PersistantContainer.swift */; };
		C4CF1A7A25C65E3A00506585 /* PersistantContainer.swift in Sources */ = {isa = PBXBuildFile; fileRef = C4CF1A7825C65E3A00506585 /* PersistantContainer.swift */; };
		C4CF1A9D25C6618100506585 /* CoreDataManager.swift in Sources */ = {isa = PBXBuildFile; fileRef = C4CF1A9C25C6618100506585 /* CoreDataManager.swift */; };
		C4CF1A9E25C6618100506585 /* CoreDataManager.swift in Sources */ = {isa = PBXBuildFile; fileRef = C4CF1A9C25C6618100506585 /* CoreDataManager.swift */; };
		C4D5CE3325E450A400EC27FF /* ApiRequest.swift in Sources */ = {isa = PBXBuildFile; fileRef = C4D5CE2F25E450A400EC27FF /* ApiRequest.swift */; };
		C4D5CE3425E450A400EC27FF /* NetworkManager.swift in Sources */ = {isa = PBXBuildFile; fileRef = C4D5CE3025E450A400EC27FF /* NetworkManager.swift */; };
		C4D5CE3525E450A400EC27FF /* RequestBuilder.swift in Sources */ = {isa = PBXBuildFile; fileRef = C4D5CE3125E450A400EC27FF /* RequestBuilder.swift */; };
		C4D5CE3625E450A400EC27FF /* Reachability.swift in Sources */ = {isa = PBXBuildFile; fileRef = C4D5CE3225E450A400EC27FF /* Reachability.swift */; };
		C4D5CE4025E4511500EC27FF /* Constants.swift in Sources */ = {isa = PBXBuildFile; fileRef = C4D5CE3F25E4511500EC27FF /* Constants.swift */; };
		C4DA830F25CA2071000E3061 /* AlbionItem+CoreDataClass.swift in Sources */ = {isa = PBXBuildFile; fileRef = C4DA830D25CA2071000E3061 /* AlbionItem+CoreDataClass.swift */; };
		C4DA831025CA2071000E3061 /* AlbionItem+CoreDataProperties.swift in Sources */ = {isa = PBXBuildFile; fileRef = C4DA830E25CA2071000E3061 /* AlbionItem+CoreDataProperties.swift */; };
/* End PBXBuildFile section */

/* Begin PBXContainerItemProxy section */
		C4C10F3C25C612B300890C32 /* PBXContainerItemProxy */ = {
			isa = PBXContainerItemProxy;
			containerPortal = C4C10F1C25C612B200890C32 /* Project object */;
			proxyType = 1;
			remoteGlobalIDString = C4C10F2A25C612B300890C32;
			remoteInfo = "AlbionAssistant (iOS)";
		};
		C4C10F4725C612B400890C32 /* PBXContainerItemProxy */ = {
			isa = PBXContainerItemProxy;
			containerPortal = C4C10F1C25C612B200890C32 /* Project object */;
			proxyType = 1;
			remoteGlobalIDString = C4C10F3225C612B300890C32;
			remoteInfo = "AlbionAssistant (macOS)";
		};
/* End PBXContainerItemProxy section */

/* Begin PBXFileReference section */
		C4207F5C25C66317006C91BA /* UserDefaults+firstLaunch.swift */ = {isa = PBXFileReference; fileEncoding = 4; lastKnownFileType = sourcecode.swift; path = "UserDefaults+firstLaunch.swift"; sourceTree = "<group>"; };
		C4207F6425C665B6006C91BA /* CodingUserInfoKey+Extensions.swift */ = {isa = PBXFileReference; lastKnownFileType = sourcecode.swift; path = "CodingUserInfoKey+Extensions.swift"; sourceTree = "<group>"; };
		C4207F7B25C66E38006C91BA /* items.json */ = {isa = PBXFileReference; fileEncoding = 4; lastKnownFileType = text.json; path = items.json; sourceTree = "<group>"; };
		C4207F8725C6F84E006C91BA /* SearchViewModel.swift */ = {isa = PBXFileReference; lastKnownFileType = sourcecode.swift; path = SearchViewModel.swift; sourceTree = "<group>"; };
		C42C13A125C8D1F900042D22 /* AlbionNetworkModel.swift */ = {isa = PBXFileReference; lastKnownFileType = sourcecode.swift; path = AlbionNetworkModel.swift; sourceTree = "<group>"; };
		C436CFE725C6289A00B1A364 /* ContentView.swift */ = {isa = PBXFileReference; lastKnownFileType = sourcecode.swift; path = ContentView.swift; sourceTree = "<group>"; };
		C463B4E225ED9EAB0026D1B7 /* SectionViewModel.swift */ = {isa = PBXFileReference; lastKnownFileType = sourcecode.swift; path = SectionViewModel.swift; sourceTree = "<group>"; };
		C463B4ED25EDBA820026D1B7 /* MarketItem+CoreDataClass.swift */ = {isa = PBXFileReference; lastKnownFileType = sourcecode.swift; path = "MarketItem+CoreDataClass.swift"; sourceTree = "<group>"; };
		C463B4EE25EDBA820026D1B7 /* MarketItem+CoreDataProperties.swift */ = {isa = PBXFileReference; lastKnownFileType = sourcecode.swift; path = "MarketItem+CoreDataProperties.swift"; sourceTree = "<group>"; };
		C4A2759B25CC860D00603D54 /* SearchViewCell.swift */ = {isa = PBXFileReference; lastKnownFileType = sourcecode.swift; path = SearchViewCell.swift; sourceTree = "<group>"; };
		C4BC5B9E25C8C4AD003CCC8C /* LocalizedOjbect+CoreDataClass.swift */ = {isa = PBXFileReference; lastKnownFileType = sourcecode.swift; path = "LocalizedOjbect+CoreDataClass.swift"; sourceTree = "<group>"; };
		C4BC5B9F25C8C4AD003CCC8C /* LocalizedOjbect+CoreDataProperties.swift */ = {isa = PBXFileReference; lastKnownFileType = sourcecode.swift; path = "LocalizedOjbect+CoreDataProperties.swift"; sourceTree = "<group>"; };
		C4C10F2225C612B200890C32 /* Shared.xcdatamodel */ = {isa = PBXFileReference; lastKnownFileType = wrapper.xcdatamodel; path = Shared.xcdatamodel; sourceTree = "<group>"; };
		C4C10F2325C612B200890C32 /* AlbionAssistantApp.swift */ = {isa = PBXFileReference; lastKnownFileType = sourcecode.swift; path = AlbionAssistantApp.swift; sourceTree = "<group>"; };
		C4C10F2625C612B300890C32 /* Assets.xcassets */ = {isa = PBXFileReference; lastKnownFileType = folder.assetcatalog; path = Assets.xcassets; sourceTree = "<group>"; };
		C4C10F2B25C612B300890C32 /* AlbionAssistant.app */ = {isa = PBXFileReference; explicitFileType = wrapper.application; includeInIndex = 0; path = AlbionAssistant.app; sourceTree = BUILT_PRODUCTS_DIR; };
		C4C10F2E25C612B300890C32 /* Info.plist */ = {isa = PBXFileReference; lastKnownFileType = text.plist.xml; path = Info.plist; sourceTree = "<group>"; };
		C4C10F3325C612B300890C32 /* AlbionAssistant.app */ = {isa = PBXFileReference; explicitFileType = wrapper.application; includeInIndex = 0; path = AlbionAssistant.app; sourceTree = BUILT_PRODUCTS_DIR; };
		C4C10F3525C612B300890C32 /* Info.plist */ = {isa = PBXFileReference; lastKnownFileType = text.plist.xml; path = Info.plist; sourceTree = "<group>"; };
		C4C10F3625C612B300890C32 /* macOS.entitlements */ = {isa = PBXFileReference; lastKnownFileType = text.plist.entitlements; path = macOS.entitlements; sourceTree = "<group>"; };
		C4C10F3B25C612B300890C32 /* Tests iOS.xctest */ = {isa = PBXFileReference; explicitFileType = wrapper.cfbundle; includeInIndex = 0; path = "Tests iOS.xctest"; sourceTree = BUILT_PRODUCTS_DIR; };
		C4C10F3F25C612B300890C32 /* Tests_iOS.swift */ = {isa = PBXFileReference; lastKnownFileType = sourcecode.swift; path = Tests_iOS.swift; sourceTree = "<group>"; };
		C4C10F4125C612B400890C32 /* Info.plist */ = {isa = PBXFileReference; lastKnownFileType = text.plist.xml; path = Info.plist; sourceTree = "<group>"; };
		C4C10F4625C612B400890C32 /* Tests macOS.xctest */ = {isa = PBXFileReference; explicitFileType = wrapper.cfbundle; includeInIndex = 0; path = "Tests macOS.xctest"; sourceTree = BUILT_PRODUCTS_DIR; };
		C4C10F4A25C612B400890C32 /* Tests_macOS.swift */ = {isa = PBXFileReference; lastKnownFileType = sourcecode.swift; path = Tests_macOS.swift; sourceTree = "<group>"; };
		C4C10F4C25C612B400890C32 /* Info.plist */ = {isa = PBXFileReference; lastKnownFileType = text.plist.xml; path = Info.plist; sourceTree = "<group>"; };
		C4CF1A5425C6386700506585 /* Items.swift */ = {isa = PBXFileReference; lastKnownFileType = sourcecode.swift; path = Items.swift; sourceTree = "<group>"; };
		C4CF1A5B25C638D700506585 /* albionItems */ = {isa = PBXFileReference; fileEncoding = 4; lastKnownFileType = text; path = albionItems; sourceTree = "<group>"; };
		C4CF1A7825C65E3A00506585 /* PersistantContainer.swift */ = {isa = PBXFileReference; lastKnownFileType = sourcecode.swift; path = PersistantContainer.swift; sourceTree = "<group>"; };
		C4CF1A9C25C6618100506585 /* CoreDataManager.swift */ = {isa = PBXFileReference; lastKnownFileType = sourcecode.swift; path = CoreDataManager.swift; sourceTree = "<group>"; };
		C4D5CE2F25E450A400EC27FF /* ApiRequest.swift */ = {isa = PBXFileReference; fileEncoding = 4; lastKnownFileType = sourcecode.swift; path = ApiRequest.swift; sourceTree = "<group>"; };
		C4D5CE3025E450A400EC27FF /* NetworkManager.swift */ = {isa = PBXFileReference; fileEncoding = 4; lastKnownFileType = sourcecode.swift; path = NetworkManager.swift; sourceTree = "<group>"; };
		C4D5CE3125E450A400EC27FF /* RequestBuilder.swift */ = {isa = PBXFileReference; fileEncoding = 4; lastKnownFileType = sourcecode.swift; path = RequestBuilder.swift; sourceTree = "<group>"; };
		C4D5CE3225E450A400EC27FF /* Reachability.swift */ = {isa = PBXFileReference; fileEncoding = 4; lastKnownFileType = sourcecode.swift; path = Reachability.swift; sourceTree = "<group>"; };
		C4D5CE3F25E4511500EC27FF /* Constants.swift */ = {isa = PBXFileReference; fileEncoding = 4; lastKnownFileType = sourcecode.swift; path = Constants.swift; sourceTree = "<group>"; };
		C4DA830D25CA2071000E3061 /* AlbionItem+CoreDataClass.swift */ = {isa = PBXFileReference; fileEncoding = 4; lastKnownFileType = sourcecode.swift; path = "AlbionItem+CoreDataClass.swift"; sourceTree = "<group>"; };
		C4DA830E25CA2071000E3061 /* AlbionItem+CoreDataProperties.swift */ = {isa = PBXFileReference; fileEncoding = 4; lastKnownFileType = sourcecode.swift; path = "AlbionItem+CoreDataProperties.swift"; sourceTree = "<group>"; };
/* End PBXFileReference section */

/* Begin PBXFrameworksBuildPhase section */
		C4C10F2825C612B300890C32 /* Frameworks */ = {
			isa = PBXFrameworksBuildPhase;
			buildActionMask = 2147483647;
			files = (
			);
			runOnlyForDeploymentPostprocessing = 0;
		};
		C4C10F3025C612B300890C32 /* Frameworks */ = {
			isa = PBXFrameworksBuildPhase;
			buildActionMask = 2147483647;
			files = (
			);
			runOnlyForDeploymentPostprocessing = 0;
		};
		C4C10F3825C612B300890C32 /* Frameworks */ = {
			isa = PBXFrameworksBuildPhase;
			buildActionMask = 2147483647;
			files = (
			);
			runOnlyForDeploymentPostprocessing = 0;
		};
		C4C10F4325C612B400890C32 /* Frameworks */ = {
			isa = PBXFrameworksBuildPhase;
			buildActionMask = 2147483647;
			files = (
			);
			runOnlyForDeploymentPostprocessing = 0;
		};
/* End PBXFrameworksBuildPhase section */

/* Begin PBXGroup section */
		C4207F6325C6659C006C91BA /* Extensions */ = {
			isa = PBXGroup;
			children = (
				C4207F6425C665B6006C91BA /* CodingUserInfoKey+Extensions.swift */,
			);
			path = Extensions;
			sourceTree = "<group>";
		};
		C4207F8625C6F83B006C91BA /* ViewModels */ = {
			isa = PBXGroup;
			children = (
				C4207F8725C6F84E006C91BA /* SearchViewModel.swift */,
				C463B4E225ED9EAB0026D1B7 /* SectionViewModel.swift */,
			);
			path = ViewModels;
			sourceTree = "<group>";
		};
		C463B4DC25ED96430026D1B7 /* Misc */ = {
			isa = PBXGroup;
			children = (
				C4C10F2125C612B200890C32 /* AlbionAssistant.xcdatamodeld */,
				C4C10F2625C612B300890C32 /* Assets.xcassets */,
				C4207F7B25C66E38006C91BA /* items.json */,
				C4CF1A5425C6386700506585 /* Items.swift */,
				C4CF1A5B25C638D700506585 /* albionItems */,
			);
			name = Misc;
			sourceTree = "<group>";
		};
		C463B4DD25ED966C0026D1B7 /* Utils */ = {
			isa = PBXGroup;
			children = (
				C4207F5C25C66317006C91BA /* UserDefaults+firstLaunch.swift */,
			);
			path = Utils;
			sourceTree = "<group>";
		};
		C463B4FB25EDBAB80026D1B7 /* MarketItem */ = {
			isa = PBXGroup;
			children = (
				C463B4ED25EDBA820026D1B7 /* MarketItem+CoreDataClass.swift */,
				C463B4EE25EDBA820026D1B7 /* MarketItem+CoreDataProperties.swift */,
			);
			path = MarketItem;
			sourceTree = "<group>";
		};
		C463B50025EDBAC50026D1B7 /* AlbionItem */ = {
			isa = PBXGroup;
			children = (
				C4DA830D25CA2071000E3061 /* AlbionItem+CoreDataClass.swift */,
				C4DA830E25CA2071000E3061 /* AlbionItem+CoreDataProperties.swift */,
			);
			path = AlbionItem;
			sourceTree = "<group>";
		};
		C463B50125EDBAD20026D1B7 /* LocalizedOjbect */ = {
			isa = PBXGroup;
			children = (
				C4BC5B9E25C8C4AD003CCC8C /* LocalizedOjbect+CoreDataClass.swift */,
				C4BC5B9F25C8C4AD003CCC8C /* LocalizedOjbect+CoreDataProperties.swift */,
			);
			path = LocalizedOjbect;
			sourceTree = "<group>";
		};
		C4A2759A25CC85D200603D54 /* Views */ = {
			isa = PBXGroup;
			children = (
				C436CFE725C6289A00B1A364 /* ContentView.swift */,
				C4A2759B25CC860D00603D54 /* SearchViewCell.swift */,
			);
			path = Views;
			sourceTree = "<group>";
		};
		C4C10F1B25C612B200890C32 = {
			isa = PBXGroup;
			children = (
				C4C10F2025C612B200890C32 /* Shared */,
				C4C10F2D25C612B300890C32 /* iOS */,
				C4C10F3425C612B300890C32 /* macOS */,
				C4C10F3E25C612B300890C32 /* Tests iOS */,
				C4C10F4925C612B400890C32 /* Tests macOS */,
				C4C10F2C25C612B300890C32 /* Products */,
			);
			sourceTree = "<group>";
		};
		C4C10F2025C612B200890C32 /* Shared */ = {
			isa = PBXGroup;
			children = (
				C463B4DD25ED966C0026D1B7 /* Utils */,
				C463B4DC25ED96430026D1B7 /* Misc */,
				C4A2759A25CC85D200603D54 /* Views */,
				C4207F8625C6F83B006C91BA /* ViewModels */,
				C4207F6325C6659C006C91BA /* Extensions */,
				C4CF1A7F25C65E7600506585 /* Managers */,
				C4CF1A6C25C65BBC00506585 /* Models */,
				C4C10F2325C612B200890C32 /* AlbionAssistantApp.swift */,
			);
			path = Shared;
			sourceTree = "<group>";
		};
		C4C10F2C25C612B300890C32 /* Products */ = {
			isa = PBXGroup;
			children = (
				C4C10F2B25C612B300890C32 /* AlbionAssistant.app */,
				C4C10F3325C612B300890C32 /* AlbionAssistant.app */,
				C4C10F3B25C612B300890C32 /* Tests iOS.xctest */,
				C4C10F4625C612B400890C32 /* Tests macOS.xctest */,
			);
			name = Products;
			sourceTree = "<group>";
		};
		C4C10F2D25C612B300890C32 /* iOS */ = {
			isa = PBXGroup;
			children = (
				C4C10F2E25C612B300890C32 /* Info.plist */,
			);
			path = iOS;
			sourceTree = "<group>";
		};
		C4C10F3425C612B300890C32 /* macOS */ = {
			isa = PBXGroup;
			children = (
				C4C10F3525C612B300890C32 /* Info.plist */,
				C4C10F3625C612B300890C32 /* macOS.entitlements */,
			);
			path = macOS;
			sourceTree = "<group>";
		};
		C4C10F3E25C612B300890C32 /* Tests iOS */ = {
			isa = PBXGroup;
			children = (
				C4C10F3F25C612B300890C32 /* Tests_iOS.swift */,
				C4C10F4125C612B400890C32 /* Info.plist */,
			);
			path = "Tests iOS";
			sourceTree = "<group>";
		};
		C4C10F4925C612B400890C32 /* Tests macOS */ = {
			isa = PBXGroup;
			children = (
				C4C10F4A25C612B400890C32 /* Tests_macOS.swift */,
				C4C10F4C25C612B400890C32 /* Info.plist */,
			);
			path = "Tests macOS";
			sourceTree = "<group>";
		};
		C4CF1A6C25C65BBC00506585 /* Models */ = {
			isa = PBXGroup;
			children = (
				C463B4FB25EDBAB80026D1B7 /* MarketItem */,
				C463B50025EDBAC50026D1B7 /* AlbionItem */,
				C463B50125EDBAD20026D1B7 /* LocalizedOjbect */,
				C42C13A125C8D1F900042D22 /* AlbionNetworkModel.swift */,
			);
			path = Models;
			sourceTree = "<group>";
		};
		C4CF1A7F25C65E7600506585 /* Managers */ = {
			isa = PBXGroup;
			children = (
				C4D5CE2E25E450A400EC27FF /* Network */,
				C4CF1A8025C65E8200506585 /* CoreData */,
			);
			path = Managers;
			sourceTree = "<group>";
		};
		C4CF1A8025C65E8200506585 /* CoreData */ = {
			isa = PBXGroup;
			children = (
				C4CF1A7825C65E3A00506585 /* PersistantContainer.swift */,
				C4CF1A9C25C6618100506585 /* CoreDataManager.swift */,
			);
			path = CoreData;
			sourceTree = "<group>";
		};
		C4D5CE2E25E450A400EC27FF /* Network */ = {
			isa = PBXGroup;
			children = (
				C4D5CE2F25E450A400EC27FF /* ApiRequest.swift */,
				C4D5CE3025E450A400EC27FF /* NetworkManager.swift */,
				C4D5CE3125E450A400EC27FF /* RequestBuilder.swift */,
				C4D5CE3F25E4511500EC27FF /* Constants.swift */,
				C4D5CE3225E450A400EC27FF /* Reachability.swift */,
			);
			path = Network;
			sourceTree = "<group>";
		};
/* End PBXGroup section */

/* Begin PBXNativeTarget section */
		C4C10F2A25C612B300890C32 /* AlbionAssistant (iOS) */ = {
			isa = PBXNativeTarget;
			buildConfigurationList = C4C10F5925C612B400890C32 /* Build configuration list for PBXNativeTarget "AlbionAssistant (iOS)" */;
			buildPhases = (
				C4C10F2725C612B300890C32 /* Sources */,
				C4C10F2825C612B300890C32 /* Frameworks */,
				C4C10F2925C612B300890C32 /* Resources */,
			);
			buildRules = (
			);
			dependencies = (
			);
			name = "AlbionAssistant (iOS)";
			productName = "AlbionAssistant (iOS)";
			productReference = C4C10F2B25C612B300890C32 /* AlbionAssistant.app */;
			productType = "com.apple.product-type.application";
		};
		C4C10F3225C612B300890C32 /* AlbionAssistant (macOS) */ = {
			isa = PBXNativeTarget;
			buildConfigurationList = C4C10F5C25C612B400890C32 /* Build configuration list for PBXNativeTarget "AlbionAssistant (macOS)" */;
			buildPhases = (
				C4C10F2F25C612B300890C32 /* Sources */,
				C4C10F3025C612B300890C32 /* Frameworks */,
				C4C10F3125C612B300890C32 /* Resources */,
			);
			buildRules = (
			);
			dependencies = (
			);
			name = "AlbionAssistant (macOS)";
			productName = "AlbionAssistant (macOS)";
			productReference = C4C10F3325C612B300890C32 /* AlbionAssistant.app */;
			productType = "com.apple.product-type.application";
		};
		C4C10F3A25C612B300890C32 /* Tests iOS */ = {
			isa = PBXNativeTarget;
			buildConfigurationList = C4C10F5F25C612B400890C32 /* Build configuration list for PBXNativeTarget "Tests iOS" */;
			buildPhases = (
				C4C10F3725C612B300890C32 /* Sources */,
				C4C10F3825C612B300890C32 /* Frameworks */,
				C4C10F3925C612B300890C32 /* Resources */,
			);
			buildRules = (
			);
			dependencies = (
				C4C10F3D25C612B300890C32 /* PBXTargetDependency */,
			);
			name = "Tests iOS";
			productName = "Tests iOS";
			productReference = C4C10F3B25C612B300890C32 /* Tests iOS.xctest */;
			productType = "com.apple.product-type.bundle.ui-testing";
		};
		C4C10F4525C612B400890C32 /* Tests macOS */ = {
			isa = PBXNativeTarget;
			buildConfigurationList = C4C10F6225C612B400890C32 /* Build configuration list for PBXNativeTarget "Tests macOS" */;
			buildPhases = (
				C4C10F4225C612B400890C32 /* Sources */,
				C4C10F4325C612B400890C32 /* Frameworks */,
				C4C10F4425C612B400890C32 /* Resources */,
			);
			buildRules = (
			);
			dependencies = (
				C4C10F4825C612B400890C32 /* PBXTargetDependency */,
			);
			name = "Tests macOS";
			productName = "Tests macOS";
			productReference = C4C10F4625C612B400890C32 /* Tests macOS.xctest */;
			productType = "com.apple.product-type.bundle.ui-testing";
		};
/* End PBXNativeTarget section */

/* Begin PBXProject section */
		C4C10F1C25C612B200890C32 /* Project object */ = {
			isa = PBXProject;
			attributes = {
				LastSwiftUpdateCheck = 1240;
				LastUpgradeCheck = 1240;
				TargetAttributes = {
					C4C10F2A25C612B300890C32 = {
						CreatedOnToolsVersion = 12.4;
					};
					C4C10F3225C612B300890C32 = {
						CreatedOnToolsVersion = 12.4;
					};
					C4C10F3A25C612B300890C32 = {
						CreatedOnToolsVersion = 12.4;
						TestTargetID = C4C10F2A25C612B300890C32;
					};
					C4C10F4525C612B400890C32 = {
						CreatedOnToolsVersion = 12.4;
						TestTargetID = C4C10F3225C612B300890C32;
					};
				};
			};
			buildConfigurationList = C4C10F1F25C612B200890C32 /* Build configuration list for PBXProject "AlbionAssistant" */;
			compatibilityVersion = "Xcode 9.3";
			developmentRegion = en;
			hasScannedForEncodings = 0;
			knownRegions = (
				en,
				Base,
			);
			mainGroup = C4C10F1B25C612B200890C32;
			productRefGroup = C4C10F2C25C612B300890C32 /* Products */;
			projectDirPath = "";
			projectRoot = "";
			targets = (
				C4C10F2A25C612B300890C32 /* AlbionAssistant (iOS) */,
				C4C10F3225C612B300890C32 /* AlbionAssistant (macOS) */,
				C4C10F3A25C612B300890C32 /* Tests iOS */,
				C4C10F4525C612B400890C32 /* Tests macOS */,
			);
		};
/* End PBXProject section */

/* Begin PBXResourcesBuildPhase section */
		C4C10F2925C612B300890C32 /* Resources */ = {
			isa = PBXResourcesBuildPhase;
			buildActionMask = 2147483647;
			files = (
				C4CF1A5C25C638D700506585 /* albionItems in Resources */,
				C4C10F5525C612B400890C32 /* Assets.xcassets in Resources */,
				C4207F7C25C66E38006C91BA /* items.json in Resources */,
			);
			runOnlyForDeploymentPostprocessing = 0;
		};
		C4C10F3125C612B300890C32 /* Resources */ = {
			isa = PBXResourcesBuildPhase;
			buildActionMask = 2147483647;
			files = (
				C4CF1A5D25C638D700506585 /* albionItems in Resources */,
				C4C10F5625C612B400890C32 /* Assets.xcassets in Resources */,
				C4207F7D25C66E38006C91BA /* items.json in Resources */,
			);
			runOnlyForDeploymentPostprocessing = 0;
		};
		C4C10F3925C612B300890C32 /* Resources */ = {
			isa = PBXResourcesBuildPhase;
			buildActionMask = 2147483647;
			files = (
			);
			runOnlyForDeploymentPostprocessing = 0;
		};
		C4C10F4425C612B400890C32 /* Resources */ = {
			isa = PBXResourcesBuildPhase;
			buildActionMask = 2147483647;
			files = (
			);
			runOnlyForDeploymentPostprocessing = 0;
		};
/* End PBXResourcesBuildPhase section */

/* Begin PBXSourcesBuildPhase section */
		C4C10F2725C612B300890C32 /* Sources */ = {
			isa = PBXSourcesBuildPhase;
			buildActionMask = 2147483647;
			files = (
				C4A2759C25CC860D00603D54 /* SearchViewCell.swift in Sources */,
				C4C10F4D25C612B400890C32 /* AlbionAssistant.xcdatamodeld in Sources */,
				C4D5CE3625E450A400EC27FF /* Reachability.swift in Sources */,
				C4DA830F25CA2071000E3061 /* AlbionItem+CoreDataClass.swift in Sources */,
				C463B4EF25EDBA820026D1B7 /* MarketItem+CoreDataClass.swift in Sources */,
				C4D5CE3525E450A400EC27FF /* RequestBuilder.swift in Sources */,
				C4207F6525C665B6006C91BA /* CodingUserInfoKey+Extensions.swift in Sources */,
				C4DA831025CA2071000E3061 /* AlbionItem+CoreDataProperties.swift in Sources */,
				C463B4F125EDBA820026D1B7 /* MarketItem+CoreDataProperties.swift in Sources */,
				C4D5CE3325E450A400EC27FF /* ApiRequest.swift in Sources */,
				C4CF1A5525C6386700506585 /* Items.swift in Sources */,
				C4207F5D25C66317006C91BA /* UserDefaults+firstLaunch.swift in Sources */,
				C463B4E325ED9EAB0026D1B7 /* SectionViewModel.swift in Sources */,
				C4207F8825C6F84E006C91BA /* SearchViewModel.swift in Sources */,
				C436CFE825C6289A00B1A364 /* ContentView.swift in Sources */,
				C4D5CE3425E450A400EC27FF /* NetworkManager.swift in Sources */,
				C4CF1A9D25C6618100506585 /* CoreDataManager.swift in Sources */,
				C42C13A225C8D1F900042D22 /* AlbionNetworkModel.swift in Sources */,
				C4D5CE4025E4511500EC27FF /* Constants.swift in Sources */,
				C4BC5BA325C8C4AD003CCC8C /* LocalizedOjbect+CoreDataProperties.swift in Sources */,
				C4BC5BA225C8C4AD003CCC8C /* LocalizedOjbect+CoreDataClass.swift in Sources */,
				C4CF1A7925C65E3A00506585 /* PersistantContainer.swift in Sources */,
				C4C10F4F25C612B400890C32 /* AlbionAssistantApp.swift in Sources */,
			);
			runOnlyForDeploymentPostprocessing = 0;
		};
		C4C10F2F25C612B300890C32 /* Sources */ = {
			isa = PBXSourcesBuildPhase;
			buildActionMask = 2147483647;
			files = (
				C4C10F4E25C612B400890C32 /* AlbionAssistant.xcdatamodeld in Sources */,
				C4207F6625C665B6006C91BA /* CodingUserInfoKey+Extensions.swift in Sources */,
				C463B4E425ED9EAB0026D1B7 /* SectionViewModel.swift in Sources */,
				C4CF1A5625C6386700506585 /* Items.swift in Sources */,
				C4207F5E25C66317006C91BA /* UserDefaults+firstLaunch.swift in Sources */,
				C4207F8925C6F84E006C91BA /* SearchViewModel.swift in Sources */,
				C4A2759D25CC860D00603D54 /* SearchViewCell.swift in Sources */,
				C436CFE925C6289A00B1A364 /* ContentView.swift in Sources */,
				C4CF1A9E25C6618100506585 /* CoreDataManager.swift in Sources */,
				C4CF1A7A25C65E3A00506585 /* PersistantContainer.swift in Sources */,
				C4C10F5025C612B400890C32 /* AlbionAssistantApp.swift in Sources */,
			);
			runOnlyForDeploymentPostprocessing = 0;
		};
		C4C10F3725C612B300890C32 /* Sources */ = {
			isa = PBXSourcesBuildPhase;
			buildActionMask = 2147483647;
			files = (
				C4C10F4025C612B300890C32 /* Tests_iOS.swift in Sources */,
			);
			runOnlyForDeploymentPostprocessing = 0;
		};
		C4C10F4225C612B400890C32 /* Sources */ = {
			isa = PBXSourcesBuildPhase;
			buildActionMask = 2147483647;
			files = (
				C4C10F4B25C612B400890C32 /* Tests_macOS.swift in Sources */,
			);
			runOnlyForDeploymentPostprocessing = 0;
		};
/* End PBXSourcesBuildPhase section */

/* Begin PBXTargetDependency section */
		C4C10F3D25C612B300890C32 /* PBXTargetDependency */ = {
			isa = PBXTargetDependency;
			target = C4C10F2A25C612B300890C32 /* AlbionAssistant (iOS) */;
			targetProxy = C4C10F3C25C612B300890C32 /* PBXContainerItemProxy */;
		};
		C4C10F4825C612B400890C32 /* PBXTargetDependency */ = {
			isa = PBXTargetDependency;
			target = C4C10F3225C612B300890C32 /* AlbionAssistant (macOS) */;
			targetProxy = C4C10F4725C612B400890C32 /* PBXContainerItemProxy */;
		};
/* End PBXTargetDependency section */

/* Begin XCBuildConfiguration section */
		C4C10F5725C612B400890C32 /* Debug */ = {
			isa = XCBuildConfiguration;
			buildSettings = {
				ALWAYS_SEARCH_USER_PATHS = NO;
				CLANG_ANALYZER_NONNULL = YES;
				CLANG_ANALYZER_NUMBER_OBJECT_CONVERSION = YES_AGGRESSIVE;
				CLANG_CXX_LANGUAGE_STANDARD = "gnu++14";
				CLANG_CXX_LIBRARY = "libc++";
				CLANG_ENABLE_MODULES = YES;
				CLANG_ENABLE_OBJC_ARC = YES;
				CLANG_ENABLE_OBJC_WEAK = YES;
				CLANG_WARN_BLOCK_CAPTURE_AUTORELEASING = YES;
				CLANG_WARN_BOOL_CONVERSION = YES;
				CLANG_WARN_COMMA = YES;
				CLANG_WARN_CONSTANT_CONVERSION = YES;
				CLANG_WARN_DEPRECATED_OBJC_IMPLEMENTATIONS = YES;
				CLANG_WARN_DIRECT_OBJC_ISA_USAGE = YES_ERROR;
				CLANG_WARN_DOCUMENTATION_COMMENTS = YES;
				CLANG_WARN_EMPTY_BODY = YES;
				CLANG_WARN_ENUM_CONVERSION = YES;
				CLANG_WARN_INFINITE_RECURSION = YES;
				CLANG_WARN_INT_CONVERSION = YES;
				CLANG_WARN_NON_LITERAL_NULL_CONVERSION = YES;
				CLANG_WARN_OBJC_IMPLICIT_RETAIN_SELF = YES;
				CLANG_WARN_OBJC_LITERAL_CONVERSION = YES;
				CLANG_WARN_OBJC_ROOT_CLASS = YES_ERROR;
				CLANG_WARN_QUOTED_INCLUDE_IN_FRAMEWORK_HEADER = YES;
				CLANG_WARN_RANGE_LOOP_ANALYSIS = YES;
				CLANG_WARN_STRICT_PROTOTYPES = YES;
				CLANG_WARN_SUSPICIOUS_MOVE = YES;
				CLANG_WARN_UNGUARDED_AVAILABILITY = YES_AGGRESSIVE;
				CLANG_WARN_UNREACHABLE_CODE = YES;
				CLANG_WARN__DUPLICATE_METHOD_MATCH = YES;
				COPY_PHASE_STRIP = NO;
				DEBUG_INFORMATION_FORMAT = dwarf;
				ENABLE_STRICT_OBJC_MSGSEND = YES;
				ENABLE_TESTABILITY = YES;
				GCC_C_LANGUAGE_STANDARD = gnu11;
				GCC_DYNAMIC_NO_PIC = NO;
				GCC_NO_COMMON_BLOCKS = YES;
				GCC_OPTIMIZATION_LEVEL = 0;
				GCC_PREPROCESSOR_DEFINITIONS = (
					"DEBUG=1",
					"$(inherited)",
				);
				GCC_WARN_64_TO_32_BIT_CONVERSION = YES;
				GCC_WARN_ABOUT_RETURN_TYPE = YES_ERROR;
				GCC_WARN_UNDECLARED_SELECTOR = YES;
				GCC_WARN_UNINITIALIZED_AUTOS = YES_AGGRESSIVE;
				GCC_WARN_UNUSED_FUNCTION = YES;
				GCC_WARN_UNUSED_VARIABLE = YES;
				MTL_ENABLE_DEBUG_INFO = INCLUDE_SOURCE;
				MTL_FAST_MATH = YES;
				ONLY_ACTIVE_ARCH = YES;
				SWIFT_ACTIVE_COMPILATION_CONDITIONS = DEBUG;
				SWIFT_OPTIMIZATION_LEVEL = "-Onone";
			};
			name = Debug;
		};
		C4C10F5825C612B400890C32 /* Release */ = {
			isa = XCBuildConfiguration;
			buildSettings = {
				ALWAYS_SEARCH_USER_PATHS = NO;
				CLANG_ANALYZER_NONNULL = YES;
				CLANG_ANALYZER_NUMBER_OBJECT_CONVERSION = YES_AGGRESSIVE;
				CLANG_CXX_LANGUAGE_STANDARD = "gnu++14";
				CLANG_CXX_LIBRARY = "libc++";
				CLANG_ENABLE_MODULES = YES;
				CLANG_ENABLE_OBJC_ARC = YES;
				CLANG_ENABLE_OBJC_WEAK = YES;
				CLANG_WARN_BLOCK_CAPTURE_AUTORELEASING = YES;
				CLANG_WARN_BOOL_CONVERSION = YES;
				CLANG_WARN_COMMA = YES;
				CLANG_WARN_CONSTANT_CONVERSION = YES;
				CLANG_WARN_DEPRECATED_OBJC_IMPLEMENTATIONS = YES;
				CLANG_WARN_DIRECT_OBJC_ISA_USAGE = YES_ERROR;
				CLANG_WARN_DOCUMENTATION_COMMENTS = YES;
				CLANG_WARN_EMPTY_BODY = YES;
				CLANG_WARN_ENUM_CONVERSION = YES;
				CLANG_WARN_INFINITE_RECURSION = YES;
				CLANG_WARN_INT_CONVERSION = YES;
				CLANG_WARN_NON_LITERAL_NULL_CONVERSION = YES;
				CLANG_WARN_OBJC_IMPLICIT_RETAIN_SELF = YES;
				CLANG_WARN_OBJC_LITERAL_CONVERSION = YES;
				CLANG_WARN_OBJC_ROOT_CLASS = YES_ERROR;
				CLANG_WARN_QUOTED_INCLUDE_IN_FRAMEWORK_HEADER = YES;
				CLANG_WARN_RANGE_LOOP_ANALYSIS = YES;
				CLANG_WARN_STRICT_PROTOTYPES = YES;
				CLANG_WARN_SUSPICIOUS_MOVE = YES;
				CLANG_WARN_UNGUARDED_AVAILABILITY = YES_AGGRESSIVE;
				CLANG_WARN_UNREACHABLE_CODE = YES;
				CLANG_WARN__DUPLICATE_METHOD_MATCH = YES;
				COPY_PHASE_STRIP = NO;
				DEBUG_INFORMATION_FORMAT = "dwarf-with-dsym";
				ENABLE_NS_ASSERTIONS = NO;
				ENABLE_STRICT_OBJC_MSGSEND = YES;
				GCC_C_LANGUAGE_STANDARD = gnu11;
				GCC_NO_COMMON_BLOCKS = YES;
				GCC_WARN_64_TO_32_BIT_CONVERSION = YES;
				GCC_WARN_ABOUT_RETURN_TYPE = YES_ERROR;
				GCC_WARN_UNDECLARED_SELECTOR = YES;
				GCC_WARN_UNINITIALIZED_AUTOS = YES_AGGRESSIVE;
				GCC_WARN_UNUSED_FUNCTION = YES;
				GCC_WARN_UNUSED_VARIABLE = YES;
				MTL_ENABLE_DEBUG_INFO = NO;
				MTL_FAST_MATH = YES;
				SWIFT_COMPILATION_MODE = wholemodule;
				SWIFT_OPTIMIZATION_LEVEL = "-O";
			};
			name = Release;
		};
		C4C10F5A25C612B400890C32 /* Debug */ = {
			isa = XCBuildConfiguration;
			buildSettings = {
				ASSETCATALOG_COMPILER_APPICON_NAME = AppIcon;
				ASSETCATALOG_COMPILER_GLOBAL_ACCENT_COLOR_NAME = AccentColor;
				CODE_SIGN_IDENTITY = "Apple Development";
				CODE_SIGN_STYLE = Automatic;
				DEVELOPMENT_TEAM = H664JH8TFP;
				ENABLE_PREVIEWS = YES;
				INFOPLIST_FILE = iOS/Info.plist;
				IPHONEOS_DEPLOYMENT_TARGET = 14.0;
				LD_RUNPATH_SEARCH_PATHS = (
					"$(inherited)",
					"@executable_path/Frameworks",
				);
				PRODUCT_BUNDLE_IDENTIFIER = com.app.AlbionAssistant;
				PRODUCT_NAME = AlbionAssistant;
				PROVISIONING_PROFILE_SPECIFIER = "";
				SDKROOT = iphoneos;
				SWIFT_VERSION = 5.0;
				TARGETED_DEVICE_FAMILY = "1,2";
			};
			name = Debug;
		};
		C4C10F5B25C612B400890C32 /* Release */ = {
			isa = XCBuildConfiguration;
			buildSettings = {
				ASSETCATALOG_COMPILER_APPICON_NAME = AppIcon;
				ASSETCATALOG_COMPILER_GLOBAL_ACCENT_COLOR_NAME = AccentColor;
				CODE_SIGN_IDENTITY = "Apple Development";
				CODE_SIGN_STYLE = Automatic;
				DEVELOPMENT_TEAM = H664JH8TFP;
				ENABLE_PREVIEWS = YES;
				INFOPLIST_FILE = iOS/Info.plist;
				IPHONEOS_DEPLOYMENT_TARGET = 14.0;
				LD_RUNPATH_SEARCH_PATHS = (
					"$(inherited)",
					"@executable_path/Frameworks",
				);
				PRODUCT_BUNDLE_IDENTIFIER = com.app.AlbionAssistant;
				PRODUCT_NAME = AlbionAssistant;
				PROVISIONING_PROFILE_SPECIFIER = "";
				SDKROOT = iphoneos;
				SWIFT_VERSION = 5.0;
				TARGETED_DEVICE_FAMILY = "1,2";
				VALIDATE_PRODUCT = YES;
			};
			name = Release;
		};
		C4C10F5D25C612B400890C32 /* Debug */ = {
			isa = XCBuildConfiguration;
			buildSettings = {
				ASSETCATALOG_COMPILER_APPICON_NAME = AppIcon;
				ASSETCATALOG_COMPILER_GLOBAL_ACCENT_COLOR_NAME = AccentColor;
				CODE_SIGN_ENTITLEMENTS = macOS/macOS.entitlements;
				CODE_SIGN_STYLE = Automatic;
				COMBINE_HIDPI_IMAGES = YES;
				DEVELOPMENT_TEAM = T2396XLDWH;
				ENABLE_HARDENED_RUNTIME = YES;
				ENABLE_PREVIEWS = YES;
				INFOPLIST_FILE = macOS/Info.plist;
				LD_RUNPATH_SEARCH_PATHS = (
					"$(inherited)",
					"@executable_path/../Frameworks",
				);
				MACOSX_DEPLOYMENT_TARGET = 11.0;
				PRODUCT_BUNDLE_IDENTIFIER = app.AlbionAssistant;
				PRODUCT_NAME = AlbionAssistant;
				SDKROOT = macosx;
				SWIFT_VERSION = 5.0;
			};
			name = Debug;
		};
		C4C10F5E25C612B400890C32 /* Release */ = {
			isa = XCBuildConfiguration;
			buildSettings = {
				ASSETCATALOG_COMPILER_APPICON_NAME = AppIcon;
				ASSETCATALOG_COMPILER_GLOBAL_ACCENT_COLOR_NAME = AccentColor;
				CODE_SIGN_ENTITLEMENTS = macOS/macOS.entitlements;
				CODE_SIGN_STYLE = Automatic;
				COMBINE_HIDPI_IMAGES = YES;
				DEVELOPMENT_TEAM = T2396XLDWH;
				ENABLE_HARDENED_RUNTIME = YES;
				ENABLE_PREVIEWS = YES;
				INFOPLIST_FILE = macOS/Info.plist;
				LD_RUNPATH_SEARCH_PATHS = (
					"$(inherited)",
					"@executable_path/../Frameworks",
				);
				MACOSX_DEPLOYMENT_TARGET = 11.0;
				PRODUCT_BUNDLE_IDENTIFIER = app.AlbionAssistant;
				PRODUCT_NAME = AlbionAssistant;
				SDKROOT = macosx;
				SWIFT_VERSION = 5.0;
			};
			name = Release;
		};
		C4C10F6025C612B400890C32 /* Debug */ = {
			isa = XCBuildConfiguration;
			buildSettings = {
				ALWAYS_EMBED_SWIFT_STANDARD_LIBRARIES = YES;
				CODE_SIGN_STYLE = Automatic;
				DEVELOPMENT_TEAM = T2396XLDWH;
				INFOPLIST_FILE = "Tests iOS/Info.plist";
				IPHONEOS_DEPLOYMENT_TARGET = 14.4;
				LD_RUNPATH_SEARCH_PATHS = (
					"$(inherited)",
					"@executable_path/Frameworks",
					"@loader_path/Frameworks",
				);
				PRODUCT_BUNDLE_IDENTIFIER = "app.Tests-iOS";
				PRODUCT_NAME = "$(TARGET_NAME)";
				SDKROOT = iphoneos;
				SWIFT_VERSION = 5.0;
				TARGETED_DEVICE_FAMILY = "1,2";
				TEST_TARGET_NAME = "AlbionAssistant (iOS)";
			};
			name = Debug;
		};
		C4C10F6125C612B400890C32 /* Release */ = {
			isa = XCBuildConfiguration;
			buildSettings = {
				ALWAYS_EMBED_SWIFT_STANDARD_LIBRARIES = YES;
				CODE_SIGN_STYLE = Automatic;
				DEVELOPMENT_TEAM = T2396XLDWH;
				INFOPLIST_FILE = "Tests iOS/Info.plist";
				IPHONEOS_DEPLOYMENT_TARGET = 14.4;
				LD_RUNPATH_SEARCH_PATHS = (
					"$(inherited)",
					"@executable_path/Frameworks",
					"@loader_path/Frameworks",
				);
				PRODUCT_BUNDLE_IDENTIFIER = "app.Tests-iOS";
				PRODUCT_NAME = "$(TARGET_NAME)";
				SDKROOT = iphoneos;
				SWIFT_VERSION = 5.0;
				TARGETED_DEVICE_FAMILY = "1,2";
				TEST_TARGET_NAME = "AlbionAssistant (iOS)";
				VALIDATE_PRODUCT = YES;
			};
			name = Release;
		};
		C4C10F6325C612B400890C32 /* Debug */ = {
			isa = XCBuildConfiguration;
			buildSettings = {
				ALWAYS_EMBED_SWIFT_STANDARD_LIBRARIES = YES;
				CODE_SIGN_STYLE = Automatic;
				COMBINE_HIDPI_IMAGES = YES;
				DEVELOPMENT_TEAM = T2396XLDWH;
				INFOPLIST_FILE = "Tests macOS/Info.plist";
				LD_RUNPATH_SEARCH_PATHS = (
					"$(inherited)",
					"@executable_path/../Frameworks",
					"@loader_path/../Frameworks",
				);
				MACOSX_DEPLOYMENT_TARGET = 11.0;
				PRODUCT_BUNDLE_IDENTIFIER = "app.Tests-macOS";
				PRODUCT_NAME = "$(TARGET_NAME)";
				SDKROOT = macosx;
				SWIFT_VERSION = 5.0;
				TEST_TARGET_NAME = "AlbionAssistant (macOS)";
			};
			name = Debug;
		};
		C4C10F6425C612B400890C32 /* Release */ = {
			isa = XCBuildConfiguration;
			buildSettings = {
				ALWAYS_EMBED_SWIFT_STANDARD_LIBRARIES = YES;
				CODE_SIGN_STYLE = Automatic;
				COMBINE_HIDPI_IMAGES = YES;
				DEVELOPMENT_TEAM = T2396XLDWH;
				INFOPLIST_FILE = "Tests macOS/Info.plist";
				LD_RUNPATH_SEARCH_PATHS = (
					"$(inherited)",
					"@executable_path/../Frameworks",
					"@loader_path/../Frameworks",
				);
				MACOSX_DEPLOYMENT_TARGET = 11.0;
				PRODUCT_BUNDLE_IDENTIFIER = "app.Tests-macOS";
				PRODUCT_NAME = "$(TARGET_NAME)";
				SDKROOT = macosx;
				SWIFT_VERSION = 5.0;
				TEST_TARGET_NAME = "AlbionAssistant (macOS)";
			};
			name = Release;
		};
/* End XCBuildConfiguration section */

/* Begin XCConfigurationList section */
		C4C10F1F25C612B200890C32 /* Build configuration list for PBXProject "AlbionAssistant" */ = {
			isa = XCConfigurationList;
			buildConfigurations = (
				C4C10F5725C612B400890C32 /* Debug */,
				C4C10F5825C612B400890C32 /* Release */,
			);
			defaultConfigurationIsVisible = 0;
			defaultConfigurationName = Release;
		};
		C4C10F5925C612B400890C32 /* Build configuration list for PBXNativeTarget "AlbionAssistant (iOS)" */ = {
			isa = XCConfigurationList;
			buildConfigurations = (
				C4C10F5A25C612B400890C32 /* Debug */,
				C4C10F5B25C612B400890C32 /* Release */,
			);
			defaultConfigurationIsVisible = 0;
			defaultConfigurationName = Release;
		};
		C4C10F5C25C612B400890C32 /* Build configuration list for PBXNativeTarget "AlbionAssistant (macOS)" */ = {
			isa = XCConfigurationList;
			buildConfigurations = (
				C4C10F5D25C612B400890C32 /* Debug */,
				C4C10F5E25C612B400890C32 /* Release */,
			);
			defaultConfigurationIsVisible = 0;
			defaultConfigurationName = Release;
		};
		C4C10F5F25C612B400890C32 /* Build configuration list for PBXNativeTarget "Tests iOS" */ = {
			isa = XCConfigurationList;
			buildConfigurations = (
				C4C10F6025C612B400890C32 /* Debug */,
				C4C10F6125C612B400890C32 /* Release */,
			);
			defaultConfigurationIsVisible = 0;
			defaultConfigurationName = Release;
		};
		C4C10F6225C612B400890C32 /* Build configuration list for PBXNativeTarget "Tests macOS" */ = {
			isa = XCConfigurationList;
			buildConfigurations = (
				C4C10F6325C612B400890C32 /* Debug */,
				C4C10F6425C612B400890C32 /* Release */,
			);
			defaultConfigurationIsVisible = 0;
			defaultConfigurationName = Release;
		};
/* End XCConfigurationList section */

/* Begin XCVersionGroup section */
		C4C10F2125C612B200890C32 /* AlbionAssistant.xcdatamodeld */ = {
			isa = XCVersionGroup;
			children = (
				C4C10F2225C612B200890C32 /* Shared.xcdatamodel */,
			);
			currentVersion = C4C10F2225C612B200890C32 /* Shared.xcdatamodel */;
			path = AlbionAssistant.xcdatamodeld;
			sourceTree = "<group>";
			versionGroupType = wrapper.xcdatamodel;
		};
/* End XCVersionGroup section */
	};
	rootObject = C4C10F1C25C612B200890C32 /* Project object */;
}
